
Microsoft Visual Studio Solution File, Format Version 12.00
# Visual Studio Version 16
VisualStudioVersion = 16.0.30907.101
MinimumVisualStudioVersion = 10.0.40219.1
Project("{FAE04EC0-301F-11D3-BF4B-00C04F79EFBC}") = "Ep1RacerSaveEditor", "Ep1RacerSaveEditor\Ep1RacerSaveEditor.csproj", "{06978E5F-78D4-4AE2-9AD2-470A1F9AD574}"
EndProject
Global
	GlobalSection(SolutionConfigurationPlatforms) = preSolution
		Debug|Any CPU = Debug|Any CPU
		Release|Any CPU = Release|Any CPU
	EndGlobalSection
	GlobalSection(ProjectConfigurationPlatforms) = postSolution
		{06978E5F-78D4-4AE2-9AD2-470A1F9AD574}.Debug|Any CPU.ActiveCfg = Debug|Any CPU
		{06978E5F-78D4-4AE2-9AD2-470A1F9AD574}.Debug|Any CPU.Build.0 = Debug|Any CPU
		{06978E5F-78D4-4AE2-9AD2-470A1F9AD574}.Release|Any CPU.ActiveCfg = Release|Any CPU
		{06978E5F-78D4-4AE2-9AD2-470A1F9AD574}.Release|Any CPU.Build.0 = Release|Any CPU
	EndGlobalSection
	GlobalSection(SolutionProperties) = preSolution
		HideSolutionNode = FALSE
	EndGlobalSection
	GlobalSection(ExtensibilityGlobals) = postSolution
		SolutionGuid = {78DCD57C-11A6-43D5-B51F-6B523BF354E1}
	EndGlobalSection
EndGlobal
